
Microsoft Visual Studio Solution File, Format Version 12.00
# Visual Studio Version 17
VisualStudioVersion = 17.14.36623.8 d17.14
MinimumVisualStudioVersion = 10.0.40219.1
Project("{FAE04EC0-301F-11D3-BF4B-00C04F79EFBC}") = "Recruiment.System.Api", "src\Recruiment.System.Api\Recruiment.System.Api.csproj", "{70D13D15-AC66-40E1-BBD6-E34F3248273B}"
EndProject
Project("{2150E333-8FDC-42A3-9474-1A3956D46DE8}") = "src", "src", "{02EA681E-C7D8-13C7-8484-4AC65E1B71E8}"
EndProject
Project("{FAE04EC0-301F-11D3-BF4B-00C04F79EFBC}") = "Recruiment.System.Domain", "src\Recruiment.System.Domain\Recruiment.System.Domain.csproj", "{FA4091FA-89FB-4C49-8200-89E39BBC64BF}"
EndProject
Project("{FAE04EC0-301F-11D3-BF4B-00C04F79EFBC}") = "Recruiment.System.Application", "src\Recruiment.System.Application\Recruiment.System.Application.csproj", "{DD68575F-66A4-46E7-8D8F-6838647300FC}"
EndProject
Global
	GlobalSection(SolutionConfigurationPlatforms) = preSolution
		Debug|Any CPU = Debug|Any CPU
		Release|Any CPU = Release|Any CPU
	EndGlobalSection
	GlobalSection(ProjectConfigurationPlatforms) = postSolution
		{70D13D15-AC66-40E1-BBD6-E34F3248273B}.Debug|Any CPU.ActiveCfg = Debug|Any CPU
		{70D13D15-AC66-40E1-BBD6-E34F3248273B}.Debug|Any CPU.Build.0 = Debug|Any CPU
		{70D13D15-AC66-40E1-BBD6-E34F3248273B}.Release|Any CPU.ActiveCfg = Release|Any CPU
		{70D13D15-AC66-40E1-BBD6-E34F3248273B}.Release|Any CPU.Build.0 = Release|Any CPU
		{FA4091FA-89FB-4C49-8200-89E39BBC64BF}.Debug|Any CPU.ActiveCfg = Debug|Any CPU
		{FA4091FA-89FB-4C49-8200-89E39BBC64BF}.Debug|Any CPU.Build.0 = Debug|Any CPU
		{FA4091FA-89FB-4C49-8200-89E39BBC64BF}.Release|Any CPU.ActiveCfg = Release|Any CPU
		{FA4091FA-89FB-4C49-8200-89E39BBC64BF}.Release|Any CPU.Build.0 = Release|Any CPU
		{DD68575F-66A4-46E7-8D8F-6838647300FC}.Debug|Any CPU.ActiveCfg = Debug|Any CPU
		{DD68575F-66A4-46E7-8D8F-6838647300FC}.Debug|Any CPU.Build.0 = Debug|Any CPU
		{DD68575F-66A4-46E7-8D8F-6838647300FC}.Release|Any CPU.ActiveCfg = Release|Any CPU
		{DD68575F-66A4-46E7-8D8F-6838647300FC}.Release|Any CPU.Build.0 = Release|Any CPU
	EndGlobalSection
	GlobalSection(SolutionProperties) = preSolution
		HideSolutionNode = FALSE
	EndGlobalSection
	GlobalSection(NestedProjects) = preSolution
		{70D13D15-AC66-40E1-BBD6-E34F3248273B} = {02EA681E-C7D8-13C7-8484-4AC65E1B71E8}
		{FA4091FA-89FB-4C49-8200-89E39BBC64BF} = {02EA681E-C7D8-13C7-8484-4AC65E1B71E8}
		{DD68575F-66A4-46E7-8D8F-6838647300FC} = {02EA681E-C7D8-13C7-8484-4AC65E1B71E8}
	EndGlobalSection
	GlobalSection(ExtensibilityGlobals) = postSolution
		SolutionGuid = {63939D5C-2DB9-440A-9EC9-5C14A4055862}
	EndGlobalSection
EndGlobal
